
Microsoft Visual Studio Solution File, Format Version 12.00
# Visual Studio 14
VisualStudioVersion = 14.0.23107.0
MinimumVisualStudioVersion = 10.0.40219.1
Project("{FAE04EC0-301F-11D3-BF4B-00C04F79EFBC}") = "WebFormsProjektFöreläsningar", "WebFormsProjektFöreläsningar\WebFormsProjektFöreläsningar.csproj", "{2009FE05-83DF-44F3-B495-899B9BED8CFF}"
EndProject
Project("{FAE04EC0-301F-11D3-BF4B-00C04F79EFBC}") = "001 måndag 15-12-21 helloworld 001", "001 måndag 15-12-21 helloworld 001\001 måndag 15-12-21 helloworld 001.csproj", "{AB013ACB-AAD3-4671-8ED4-8057FE528073}"
EndProject
Project("{FAE04EC0-301F-11D3-BF4B-00C04F79EFBC}") = "002 måndag 15-12-21 övning", "002 måndag 15-12-21 övning\002 måndag 15-12-21 övning.csproj", "{DA1CB65B-EDC8-4F2E-84E2-B1CCCC011D22}"
EndProject
Project("{FAE04EC0-301F-11D3-BF4B-00C04F79EFBC}") = "003 övning calculator", "003 övning miniräknare\003 övning calculator.csproj", "{AD36D305-CA33-4876-9F09-89DB3F1C6D48}"
EndProject
Project("{FAE04EC0-301F-11D3-BF4B-00C04F79EFBC}") = "004 MeasureConverter", "004 MeasureConverter\004 MeasureConverter.csproj", "{ED66DBB6-BC97-4A88-A310-8759832D4FB0}"
EndProject
Project("{FAE04EC0-301F-11D3-BF4B-00C04F79EFBC}") = "005 calculator 2.0", "005 calculator 2.0\005 calculator 2.0.csproj", "{1B43CAE6-46AA-459D-944C-DF7E9CF0F9F7}"
EndProject
Global
	GlobalSection(SolutionConfigurationPlatforms) = preSolution
		Debug|Any CPU = Debug|Any CPU
		Release|Any CPU = Release|Any CPU
	EndGlobalSection
	GlobalSection(ProjectConfigurationPlatforms) = postSolution
		{2009FE05-83DF-44F3-B495-899B9BED8CFF}.Debug|Any CPU.ActiveCfg = Debug|Any CPU
		{2009FE05-83DF-44F3-B495-899B9BED8CFF}.Debug|Any CPU.Build.0 = Debug|Any CPU
		{2009FE05-83DF-44F3-B495-899B9BED8CFF}.Release|Any CPU.ActiveCfg = Release|Any CPU
		{2009FE05-83DF-44F3-B495-899B9BED8CFF}.Release|Any CPU.Build.0 = Release|Any CPU
		{AB013ACB-AAD3-4671-8ED4-8057FE528073}.Debug|Any CPU.ActiveCfg = Debug|Any CPU
		{AB013ACB-AAD3-4671-8ED4-8057FE528073}.Debug|Any CPU.Build.0 = Debug|Any CPU
		{AB013ACB-AAD3-4671-8ED4-8057FE528073}.Release|Any CPU.ActiveCfg = Release|Any CPU
		{AB013ACB-AAD3-4671-8ED4-8057FE528073}.Release|Any CPU.Build.0 = Release|Any CPU
		{DA1CB65B-EDC8-4F2E-84E2-B1CCCC011D22}.Debug|Any CPU.ActiveCfg = Debug|Any CPU
		{DA1CB65B-EDC8-4F2E-84E2-B1CCCC011D22}.Debug|Any CPU.Build.0 = Debug|Any CPU
		{DA1CB65B-EDC8-4F2E-84E2-B1CCCC011D22}.Release|Any CPU.ActiveCfg = Release|Any CPU
		{DA1CB65B-EDC8-4F2E-84E2-B1CCCC011D22}.Release|Any CPU.Build.0 = Release|Any CPU
		{AD36D305-CA33-4876-9F09-89DB3F1C6D48}.Debug|Any CPU.ActiveCfg = Debug|Any CPU
		{AD36D305-CA33-4876-9F09-89DB3F1C6D48}.Debug|Any CPU.Build.0 = Debug|Any CPU
		{AD36D305-CA33-4876-9F09-89DB3F1C6D48}.Release|Any CPU.ActiveCfg = Release|Any CPU
		{AD36D305-CA33-4876-9F09-89DB3F1C6D48}.Release|Any CPU.Build.0 = Release|Any CPU
		{ED66DBB6-BC97-4A88-A310-8759832D4FB0}.Debug|Any CPU.ActiveCfg = Debug|Any CPU
		{ED66DBB6-BC97-4A88-A310-8759832D4FB0}.Debug|Any CPU.Build.0 = Debug|Any CPU
		{ED66DBB6-BC97-4A88-A310-8759832D4FB0}.Release|Any CPU.ActiveCfg = Release|Any CPU
		{ED66DBB6-BC97-4A88-A310-8759832D4FB0}.Release|Any CPU.Build.0 = Release|Any CPU
		{1B43CAE6-46AA-459D-944C-DF7E9CF0F9F7}.Debug|Any CPU.ActiveCfg = Debug|Any CPU
		{1B43CAE6-46AA-459D-944C-DF7E9CF0F9F7}.Debug|Any CPU.Build.0 = Debug|Any CPU
		{1B43CAE6-46AA-459D-944C-DF7E9CF0F9F7}.Release|Any CPU.ActiveCfg = Release|Any CPU
		{1B43CAE6-46AA-459D-944C-DF7E9CF0F9F7}.Release|Any CPU.Build.0 = Release|Any CPU
	EndGlobalSection
	GlobalSection(SolutionProperties) = preSolution
		HideSolutionNode = FALSE
	EndGlobalSection
EndGlobal
